PODS:
  - Apple-Cocoapod-KochavaCore (7.4.0)
  - Apple-Cocoapod-KochavaEntitlements (7.4.0):
    - Apple-Cocoapod-KochavaCore (~> 7.4.0)

DEPENDENCIES:
  - Apple-Cocoapod-KochavaEntitlements (from `../`)

SPEC REPOS:
  trunk:
    - Apple-Cocoapod-KochavaCore

EXTERNAL SOURCES:
  Apple-Cocoapod-KochavaEntitlements:
    :path: "../"

SPEC CHECKSUMS:
  Apple-Cocoapod-KochavaCore: 85f81d244249ab31d077e8e1657ac30ca2e20cc4
  Apple-Cocoapod-KochavaEntitlements: aa7ea34ee252ab4501ef047c66692ab282397772

PODFILE CHECKSUM: 422d1036fe7713ca37859d6751058de1583c7e04

COCOAPODS: 1.11.3
