PODS:
  - Apple-Cocoapod-KochavaCore (7.1.1)
  - Apple-Cocoapod-KochavaEntitlements (7.1.1):
    - Apple-Cocoapod-KochavaCore (~> 7.1.1)

DEPENDENCIES:
  - Apple-Cocoapod-KochavaEntitlements (from `../`)

SPEC REPOS:
  trunk:
    - Apple-Cocoapod-KochavaCore

EXTERNAL SOURCES:
  Apple-Cocoapod-KochavaEntitlements:
    :path: "../"

SPEC CHECKSUMS:
  Apple-Cocoapod-KochavaCore: afebad3351993bf29332cbaf63225e7e3d201681
  Apple-Cocoapod-KochavaEntitlements: d2e39ab9e5088408b69cad097ee1ab9215da0b2f

PODFILE CHECKSUM: 422d1036fe7713ca37859d6751058de1583c7e04

COCOAPODS: 1.11.3
