PODS:
  - Apple-Cocoapod-KochavaCore (7.3.0)
  - Apple-Cocoapod-KochavaEntitlements (7.3.0):
    - Apple-Cocoapod-KochavaCore (~> 7.3.0)

DEPENDENCIES:
  - Apple-Cocoapod-KochavaEntitlements (from `../`)

SPEC REPOS:
  trunk:
    - Apple-Cocoapod-KochavaCore

EXTERNAL SOURCES:
  Apple-Cocoapod-KochavaEntitlements:
    :path: "../"

SPEC CHECKSUMS:
  Apple-Cocoapod-KochavaCore: cd2949b7ff4fc514234eea0b146a96aa89e8f4e0
  Apple-Cocoapod-KochavaEntitlements: e08f7911b753534de41a4c7b3617653df7853ec2

PODFILE CHECKSUM: 422d1036fe7713ca37859d6751058de1583c7e04

COCOAPODS: 1.11.3
